{
  "nodes": {
    "arkenfox-nix": {
      "inputs": {
        "flake-parts": [
          "flake-parts"
        ],
        "import-tree": [
          "import-tree"
        ],
        "nixpkgs": [
          "nixpkgs"
        ],
        "systems": [
          "systems"
        ]
      },
      "locked": {
        "lastModified": 1771345808,
        "narHash": "sha256-Nq5xSg5YjTDRyPrFcprWqjOOletNOwXCwUmU+c57aD4=",
        "owner": "HeitorAugustoLN",
        "repo": "arkenfox-nix",
        "rev": "5061b8b1affb834e26d2221cea6c8ec51bac2a3f",
        "type": "github"
      },
      "original": {
        "owner": "HeitorAugustoLN",
        "ref": "init",
        "repo": "arkenfox-nix",
        "type": "github"
      }
    },
    "catppuccin": {
      "inputs": {
        "nixpkgs": [
          "nixpkgs"
        ]
      },
      "locked": {
        "lastModified": 1772153824,
        "narHash": "sha256-T65qXmlcD9qFpPTi+mOXsn4dIkO2N8Ls67nqmuzepv0=",
        "owner": "catppuccin",
        "repo": "nix",
        "rev": "4b0f5b7bf7b3eeb484d49524f3c9791864ab9362",
        "type": "github"
      },
      "original": {
        "owner": "catppuccin",
        "repo": "nix",
        "type": "github"
      }
    },
    "den": {
      "locked": {
        "lastModified": 1772159674,
        "narHash": "sha256-VvxXwezDpZoOY0O0pu72n1tTChnkAdjRsM72FlphL+w=",
        "owner": "vic",
        "repo": "den",
        "rev": "311d77a3afee7c0f3cd3d4f494b5129b17c12aa2",
        "type": "github"
      },
      "original": {
        "owner": "vic",
        "repo": "den",
        "type": "github"
      }
    },
    "disko": {
      "inputs": {
        "nixpkgs": [
          "nixpkgs"
        ]
      },
      "locked": {
        "lastModified": 1771881364,
        "narHash": "sha256-A5uE/hMium5of/QGC6JwF5TGoDAfpNtW00T0s9u/PN8=",
        "owner": "nix-community",
        "repo": "disko",
        "rev": "a4cb7bf73f264d40560ba527f9280469f1f081c6",
        "type": "github"
      },
      "original": {
        "owner": "nix-community",
        "repo": "disko",
        "type": "github"
      }
    },
    "flake-aspects": {
      "locked": {
        "lastModified": 1772159060,
        "narHash": "sha256-enmt9g1FJGIBVzPcLa208nLP9QTUbRrJUXWT40GTQho=",
        "owner": "vic",
        "repo": "flake-aspects",
        "rev": "88bac0fd89f3d9ce8f157debc57875ca470535e8",
        "type": "github"
      },
      "original": {
        "owner": "vic",
        "repo": "flake-aspects",
        "type": "github"
      }
    },
    "flake-parts": {
      "inputs": {
        "nixpkgs-lib": [
          "nixpkgs"
        ]
      },
      "locked": {
        "lastModified": 1769996383,
        "narHash": "sha256-AnYjnFWgS49RlqX7LrC4uA+sCCDBj0Ry/WOJ5XWAsa0=",
        "owner": "hercules-ci",
        "repo": "flake-parts",
        "rev": "57928607ea566b5db3ad13af0e57e921e6b12381",
        "type": "github"
      },
      "original": {
        "owner": "hercules-ci",
        "repo": "flake-parts",
        "type": "github"
      }
    },
    "home-manager": {
      "inputs": {
        "nixpkgs": [
          "nixpkgs"
        ]
      },
      "locked": {
        "lastModified": 1772330611,
        "narHash": "sha256-UZjPc/d5XRxvjDbk4veAO4XFdvx6BUum2l40V688Xq8=",
        "owner": "nix-community",
        "repo": "home-manager",
        "rev": "58fd7ff0eec2cda43e705c4c0585729ec471d400",
        "type": "github"
      },
      "original": {
        "owner": "nix-community",
        "repo": "home-manager",
        "type": "github"
      }
    },
    "impermanence": {
      "inputs": {
        "home-manager": [
          "home-manager"
        ],
        "nixpkgs": [
          "nixpkgs"
        ]
      },
      "locked": {
        "lastModified": 1769548169,
        "narHash": "sha256-03+JxvzmfwRu+5JafM0DLbxgHttOQZkUtDWBmeUkN8Y=",
        "owner": "nix-community",
        "repo": "impermanence",
        "rev": "7b1d382faf603b6d264f58627330f9faa5cba149",
        "type": "github"
      },
      "original": {
        "owner": "nix-community",
        "repo": "impermanence",
        "type": "github"
      }
    },
    "import-tree": {
      "locked": {
        "lastModified": 1772263719,
        "narHash": "sha256-4TRO+jUycfR3g4KAbyK0wQEEJ7Xcmid2Ry+tWv4HPLw=",
        "owner": "vic",
        "repo": "import-tree",
        "rev": "205675fa599ff8a74b6c8c2cc5149cdaeac76f5f",
        "type": "github"
      },
      "original": {
        "owner": "vic",
        "repo": "import-tree",
        "type": "github"
      }
    },
    "mnw": {
      "locked": {
        "lastModified": 1771285028,
        "narHash": "sha256-mR8GDvGPu1QcI5Ft5lV2CIIh5Og7zRylts+XY3fa/K4=",
        "owner": "Gerg-L",
        "repo": "mnw",
        "rev": "6bd6ab9968c2432c78db4a91c9b1e84dd84fe6b3",
        "type": "github"
      },
      "original": {
        "owner": "Gerg-L",
        "repo": "mnw",
        "type": "github"
      }
    },
    "neovim": {
      "inputs": {
        "flake-parts": [
          "flake-parts"
        ],
        "import-tree": [
          "import-tree"
        ],
        "mnw": "mnw",
        "neovim-nightly-overlay": "neovim-nightly-overlay",
        "nixpkgs": [
          "nixpkgs"
        ],
        "systems": [
          "systems"
        ],
        "treefmt-nix": [
          "treefmt-nix"
        ]
      },
      "locked": {
        "lastModified": 1772246484,
        "narHash": "sha256-W/cXx9fkpdDFMKmyVpYBD3NHa6eQgDIi+jOOmPBm1XI=",
        "owner": "HeitorAugustoLN",
        "repo": "nvim",
        "rev": "ac4da923a52f3cfaa945e5ba2177fbf8977f8ce2",
        "type": "github"
      },
      "original": {
        "owner": "HeitorAugustoLN",
        "repo": "nvim",
        "type": "github"
      }
    },
    "neovim-nightly-overlay": {
      "inputs": {
        "flake-parts": [
          "neovim",
          "flake-parts"
        ],
        "neovim-src": "neovim-src",
        "nixpkgs": [
          "neovim",
          "nixpkgs"
        ]
      },
      "locked": {
        "lastModified": 1772237113,
        "narHash": "sha256-4tEHZDVzIVW/jjieutU/8BDEiDXhNiAavY4rzWaxULQ=",
        "owner": "nix-community",
        "repo": "neovim-nightly-overlay",
        "rev": "2ce78fc089b857211b7f48de7efd45167d77e1d7",
        "type": "github"
      },
      "original": {
        "owner": "nix-community",
        "repo": "neovim-nightly-overlay",
        "type": "github"
      }
    },
    "neovim-src": {
      "flake": false,
      "locked": {
        "lastModified": 1772236817,
        "narHash": "sha256-nAcgqdSrKqOBb2NeXrP1/33Qae2SgAEZ2wyNWskzll8=",
        "owner": "neovim",
        "repo": "neovim",
        "rev": "c4fdd3b072adc53206efa6310fdfd197f90c8b96",
        "type": "github"
      },
      "original": {
        "owner": "neovim",
        "repo": "neovim",
        "type": "github"
      }
    },
    "nixpkgs": {
      "locked": {
        "lastModified": 1772198003,
        "narHash": "sha256-I45esRSssFtJ8p/gLHUZ1OUaaTaVLluNkABkk6arQwE=",
        "owner": "NixOS",
        "repo": "nixpkgs",
        "rev": "dd9b079222d43e1943b6ebd802f04fd959dc8e61",
        "type": "github"
      },
      "original": {
        "owner": "NixOS",
        "ref": "nixos-unstable",
        "repo": "nixpkgs",
        "type": "github"
      }
    },
    "root": {
      "inputs": {
        "arkenfox-nix": "arkenfox-nix",
        "catppuccin": "catppuccin",
        "den": "den",
        "disko": "disko",
        "flake-aspects": "flake-aspects",
        "flake-parts": "flake-parts",
        "home-manager": "home-manager",
        "impermanence": "impermanence",
        "import-tree": "import-tree",
        "neovim": "neovim",
        "nixpkgs": "nixpkgs",
        "sops-nix": "sops-nix",
        "systems": "systems",
        "treefmt-nix": "treefmt-nix"
      }
    },
    "sops-nix": {
      "inputs": {
        "nixpkgs": [
          "nixpkgs"
        ]
      },
      "locked": {
        "lastModified": 1772048434,
        "narHash": "sha256-/wA0OaH6kZ/pFA+nXR/tvg5oupOmEDmMS5us79JT60o=",
        "owner": "Mic92",
        "repo": "sops-nix",
        "rev": "334daa7c273dd8bf7a0cd370e4e16022b64e55e9",
        "type": "github"
      },
      "original": {
        "owner": "Mic92",
        "repo": "sops-nix",
        "type": "github"
      }
    },
    "systems": {
      "locked": {
        "lastModified": 1689347949,
        "narHash": "sha256-12tWmuL2zgBgZkdoB6qXZsgJEH9LR3oUgpaQq2RbI80=",
        "owner": "nix-systems",
        "repo": "default-linux",
        "rev": "31732fcf5e8fea42e59c2488ad31a0e651500f68",
        "type": "github"
      },
      "original": {
        "owner": "nix-systems",
        "repo": "default-linux",
        "type": "github"
      }
    },
    "treefmt-nix": {
      "inputs": {
        "nixpkgs": [
          "nixpkgs"
        ]
      },
      "locked": {
        "lastModified": 1770228511,
        "narHash": "sha256-wQ6NJSuFqAEmIg2VMnLdCnUc0b7vslUohqqGGD+Fyxk=",
        "owner": "numtide",
        "repo": "treefmt-nix",
        "rev": "337a4fe074be1042a35086f15481d763b8ddc0e7",
        "type": "github"
      },
      "original": {
        "owner": "numtide",
        "repo": "treefmt-nix",
        "type": "github"
      }
    }
  },
  "root": "root",
  "version": 7
}
